
Microsoft Visual Studio Solution File, Format Version 12.00
# Visual Studio 15
VisualStudioVersion = 15.0.26730.16
MinimumVisualStudioVersion = 10.0.40219.1
Project("{FAE04EC0-301F-11D3-BF4B-00C04F79EFBC}") = "Ex_8", "Ex_8\Ex_8.csproj", "{92FDDDFD-39D8-438C-8310-0EB1F45337A4}"
EndProject
Global
	GlobalSection(SolutionConfigurationPlatforms) = preSolution
		Debug|Any CPU = Debug|Any CPU
		Release|Any CPU = Release|Any CPU
	EndGlobalSection
	GlobalSection(ProjectConfigurationPlatforms) = postSolution
		{92FDDDFD-39D8-438C-8310-0EB1F45337A4}.Debug|Any CPU.ActiveCfg = Debug|Any CPU
		{92FDDDFD-39D8-438C-8310-0EB1F45337A4}.Debug|Any CPU.Build.0 = Debug|Any CPU
		{92FDDDFD-39D8-438C-8310-0EB1F45337A4}.Release|Any CPU.ActiveCfg = Release|Any CPU
		{92FDDDFD-39D8-438C-8310-0EB1F45337A4}.Release|Any CPU.Build.0 = Release|Any CPU
	EndGlobalSection
	GlobalSection(SolutionProperties) = preSolution
		HideSolutionNode = FALSE
	EndGlobalSection
	GlobalSection(ExtensibilityGlobals) = postSolution
		SolutionGuid = {A88DC04D-F3D9-4CB2-8076-76AFB6A38975}
	EndGlobalSection
EndGlobal
